{
    "_readme": [
        "This file locks the dependencies of your project to a known state",
        "Read more about it at https://getcomposer.org/doc/01-basic-usage.md#installing-dependencies",
        "This file is @generated automatically"
    ],
    "content-hash": "1bb8cfb1c59b45431244a67c6f96cbca",
    "packages": [
        {
            "name": "coffeebreaks/database",
            "version": "V1.0.9",
            "source": {
                "type": "git",
                "url": "https://github.com/Guilherme-fagundes/database.git",
                "reference": "c2603d51cc9aefd13cf5e9e4024f21f8a4a2cf77"
            },
            "dist": {
                "type": "zip",
                "url": "https://api.github.com/repos/Guilherme-fagundes/database/zipball/c2603d51cc9aefd13cf5e9e4024f21f8a4a2cf77",
                "reference": "c2603d51cc9aefd13cf5e9e4024f21f8a4a2cf77",
                "shasum": ""
            },
            "require": {
                "ext-pdo": "*",
                "fzaninotto/faker": "^1.9",
                "php": ">=7.1"
            },
            "type": "library",
            "extra": {
                "frameworks": [
                    "laravel",
                    "symfony",
                    "codeigniter",
                    "zend",
                    "laminas",
                    "lumen"
                ]
            },
            "autoload": {
                "psr-4": {
                    "database\\": "database/"
                }
            },
            "notification-url": "https://packagist.org/downloads/",
            "license": [
                "MIT"
            ],
            "authors": [
                {
                    "name": "Guilherme Fagundes",
                    "role": "System Analist / Web Developer"
                }
            ],
            "description": "This component connects, registers, reads, edits and deletes records in the database",
            "keywords": [
                "connect",
                "delete",
                "insert",
                "read",
                "update"
            ],
            "time": "2020-08-18T15:03:25+00:00"
        },
        {
            "name": "coffeebreaks/friendly-url",
            "version": "V1.0.4",
            "source": {
                "type": "git",
                "url": "https://github.com/Guilherme-fagundes/friendly-url.git",
                "reference": "2a85452a99ba6f0cedab366fb76c986b06bbbd9b"
            },
            "dist": {
                "type": "zip",
                "url": "https://api.github.com/repos/Guilherme-fagundes/friendly-url/zipball/2a85452a99ba6f0cedab366fb76c986b06bbbd9b",
                "reference": "2a85452a99ba6f0cedab366fb76c986b06bbbd9b",
                "shasum": ""
            },
            "require": {
                "php": ">=7.1"
            },
            "type": "library",
            "extra": {
                "frameworks": [
                    "laravel",
                    "symfony",
                    "codeigniter",
                    "zend",
                    "lumen"
                ]
            },
            "autoload": {
                "psr-4": {
                    "coffeebreaks\\": "coffeebreaks/"
                }
            },
            "notification-url": "https://packagist.org/downloads/",
            "license": [
                "MIT"
            ],
            "authors": [
                {
                    "name": "Guilherme-fagundes",
                    "email": "guilhermedev94@gmail.com"
                }
            ],
            "keywords": [
                "friendly url",
                "route",
                "router"
            ],
            "time": "2020-06-22T00:11:25+00:00"
        },
        {
            "name": "coffeebreaks/mail",
            "version": "V0.0.3",
            "source": {
                "type": "git",
                "url": "https://github.com/Guilherme-fagundes/mail.git",
                "reference": "b429f23f4cc69165db2c371e6cc5f792ebb4db5e"
            },
            "dist": {
                "type": "zip",
                "url": "https://api.github.com/repos/Guilherme-fagundes/mail/zipball/b429f23f4cc69165db2c371e6cc5f792ebb4db5e",
                "reference": "b429f23f4cc69165db2c371e6cc5f792ebb4db5e",
                "shasum": ""
            },
            "require": {
                "php": ">=7.1",
                "phpmailer/phpmailer": "^6.1"
            },
            "type": "library",
            "extra": {
                "frameworks": [
                    "laravel",
                    "symfony",
                    "codeigniter",
                    "zend"
                ]
            },
            "autoload": {
                "psr-4": {
                    "coffeebreaks\\": "coffeebreaks/"
                }
            },
            "notification-url": "https://packagist.org/downloads/",
            "license": [
                "MIT"
            ],
            "authors": [
                {
                    "name": "Guilherme-fagundes",
                    "email": "guilhermedev94@gmail.com",
                    "role": "Web develocper / System Analist"
                }
            ],
            "description": "A simple class email send",
            "keywords": [
                "e-mail send",
                "mail",
                "mailSend",
                "php-mail",
                "phpmail",
                "phpmailer"
            ],
            "time": "2020-06-18T14:13:50+00:00"
        },
        {
            "name": "coffeecode/paginator",
            "version": "1.0.5",
            "source": {
                "type": "git",
                "url": "https://github.com/robsonvleite/paginator.git",
                "reference": "7ee353b183fa2915ba2e2d7296108c075b7d0917"
            },
            "dist": {
                "type": "zip",
                "url": "https://api.github.com/repos/robsonvleite/paginator/zipball/7ee353b183fa2915ba2e2d7296108c075b7d0917",
                "reference": "7ee353b183fa2915ba2e2d7296108c075b7d0917",
                "shasum": ""
            },
            "require": {
                "php": "^7.2"
            },
            "type": "library",
            "autoload": {
                "psr-4": {
                    "CoffeeCode\\Paginator\\": "src"
                }
            },
            "notification-url": "https://packagist.org/downloads/",
            "license": [
                "MIT"
            ],
            "authors": [
                {
                    "name": "Robson V. Leite",
                    "email": "cursos@upinside.com.br",
                    "role": "Developer"
                }
            ],
            "description": "Paginator is simple and is ready to generate results navigation in your application",
            "homepage": "http://www.upinside.com.br",
            "keywords": [
                "Coffeecode",
                "pagination",
                "paginator",
                "upinside"
            ],
            "time": "2020-06-29T14:43:29+00:00"
        },
        {
            "name": "fzaninotto/faker",
            "version": "v1.9.1",
            "source": {
                "type": "git",
                "url": "https://github.com/fzaninotto/Faker.git",
                "reference": "fc10d778e4b84d5bd315dad194661e091d307c6f"
            },
            "dist": {
                "type": "zip",
                "url": "https://api.github.com/repos/fzaninotto/Faker/zipball/fc10d778e4b84d5bd315dad194661e091d307c6f",
                "reference": "fc10d778e4b84d5bd315dad194661e091d307c6f",
                "shasum": ""
            },
            "require": {
                "php": "^5.3.3 || ^7.0"
            },
            "require-dev": {
                "ext-intl": "*",
                "phpunit/phpunit": "^4.8.35 || ^5.7",
                "squizlabs/php_codesniffer": "^2.9.2"
            },
            "type": "library",
            "extra": {
                "branch-alias": {
                    "dev-master": "1.9-dev"
                }
            },
            "autoload": {
                "psr-4": {
                    "Faker\\": "src/Faker/"
                }
            },
            "notification-url": "https://packagist.org/downloads/",
            "license": [
                "MIT"
            ],
            "authors": [
                {
                    "name": "François Zaninotto"
                }
            ],
            "description": "Faker is a PHP library that generates fake data for you.",
            "keywords": [
                "data",
                "faker",
                "fixtures"
            ],
            "time": "2019-12-12T13:22:17+00:00"
        },
        {
            "name": "phpmailer/phpmailer",
            "version": "v6.1.7",
            "source": {
                "type": "git",
                "url": "https://github.com/PHPMailer/PHPMailer.git",
                "reference": "2c2370ba3df7034f9eb7b8f387c97b52b2ba5ad0"
            },
            "dist": {
                "type": "zip",
                "url": "https://api.github.com/repos/PHPMailer/PHPMailer/zipball/2c2370ba3df7034f9eb7b8f387c97b52b2ba5ad0",
                "reference": "2c2370ba3df7034f9eb7b8f387c97b52b2ba5ad0",
                "shasum": ""
            },
            "require": {
                "ext-ctype": "*",
                "ext-filter": "*",
                "php": ">=5.5.0"
            },
            "require-dev": {
                "doctrine/annotations": "^1.2",
                "friendsofphp/php-cs-fixer": "^2.2",
                "phpunit/phpunit": "^4.8 || ^5.7"
            },
            "suggest": {
                "ext-mbstring": "Needed to send email in multibyte encoding charset",
                "hayageek/oauth2-yahoo": "Needed for Yahoo XOAUTH2 authentication",
                "league/oauth2-google": "Needed for Google XOAUTH2 authentication",
                "psr/log": "For optional PSR-3 debug logging",
                "stevenmaguire/oauth2-microsoft": "Needed for Microsoft XOAUTH2 authentication",
                "symfony/polyfill-mbstring": "To support UTF-8 if the Mbstring PHP extension is not enabled (^1.2)"
            },
            "type": "library",
            "autoload": {
                "psr-4": {
                    "PHPMailer\\PHPMailer\\": "src/"
                }
            },
            "notification-url": "https://packagist.org/downloads/",
            "license": [
                "LGPL-2.1-only"
            ],
            "authors": [
                {
                    "name": "Marcus Bointon",
                    "email": "phpmailer@synchromedia.co.uk"
                },
                {
                    "name": "Jim Jagielski",
                    "email": "jimjag@gmail.com"
                },
                {
                    "name": "Andy Prevost",
                    "email": "codeworxtech@users.sourceforge.net"
                },
                {
                    "name": "Brent R. Matzelle"
                }
            ],
            "description": "PHPMailer is a full-featured email creation and transfer class for PHP",
            "funding": [
                {
                    "url": "https://github.com/synchro",
                    "type": "github"
                }
            ],
            "time": "2020-07-14T18:50:27+00:00"
        }
    ],
    "packages-dev": [],
    "aliases": [],
    "minimum-stability": "stable",
    "stability-flags": [],
    "prefer-stable": false,
    "prefer-lowest": false,
    "platform": [],
    "platform-dev": [],
    "plugin-api-version": "1.1.0"
}
